{
  "version": 4,
  "terraform_version": "1.7.3",
  "serial": 4,
  "lineage": "231c99ae-84e6-3806-6361-b1511e320c41",
  "outputs": {
    "ip": {
      "value": [
        "10.10.10.140",
        "10.10.10.141"
      ],
      "type": [
        "tuple",
        [
          "string",
          "string"
        ]
      ]
    }
  },
  "resources": [
    {
      "module": "module.lab14[\"vm1\"]",
      "mode": "data",
      "type": "template_file",
      "name": "init",
      "provider": "provider[\"registry.terraform.io/hashicorp/template\"]",
      "instances": [
        {
          "schema_version": 0,
          "attributes": {
            "filename": null,
            "id": "a69aa0d55211dd9dce2ca8e2fe72986289a50bee7044a36dc3a66f704464b1f2",
            "rendered": "#cloud-config\n\ninstance-id: cytech-lab14\nlocal-hostname: cytech-lab14\nnetwork:\n  version: 1\n  config:\n    - type: physical\n      name: ens35\n      subnets:\n        - type: static\n          address: 10.10.10.140/24\n          gateway: 10.10.10.254\n    - type: nameserver\n      address:\n        - 10.10.10.254\n",
            "template": "#cloud-config\n\ninstance-id: ${name}\nlocal-hostname: ${name}\nnetwork:\n  version: 1\n  config:\n    - type: physical\n      name: ens35\n      subnets:\n        - type: static\n          address: ${ip_address}/24\n          gateway: 10.10.10.254\n    - type: nameserver\n      address:\n        - 10.10.10.254\n",
            "vars": {
              "ip_address": "10.10.10.140",
              "name": "cytech-lab14"
            }
          },
          "sensitive_attributes": []
        }
      ]
    },
    {
      "module": "module.lab14[\"vm1\"]",
      "mode": "managed",
      "type": "esxi_guest",
      "name": "lab14_m1",
      "provider": "provider[\"registry.terraform.io/josenk/esxi\"]",
      "instances": [
        {
          "status": "tainted",
          "schema_version": 0,
          "attributes": {
            "boot_disk_size": "25",
            "boot_disk_type": "thin",
            "boot_firmware": "bios",
            "clone_from_vm": "_template-debian",
            "disk_store": "datastore1",
            "guest_name": "cytech-lab14-app",
            "guest_shutdown_timeout": 20,
            "guest_startup_timeout": 120,
            "guestinfo": {
              "metadata": "H4sIAAAAAAAA/1yOwU7EMAxE7/kKS5wD2yV7yd94HbONCM4qdlvl71FpBS2SL36eGc8LlTolT1U+8sO5LGooxD6nCNSNafQF70NwpRIWP1Y1wS/+dxS2pbbP6ABmbpqrRBgcwBa7YgAP1p8c4Tl2zYTlBwJsaSz6ftuJTndh07ivf041tEy/GABTaqwaYbi87hMub9dwkDzQeMF+kFxv4dRnLaDcZm7unHr4fzJ/AwAA//8BAAD//wEPOsAzAQAA",
              "metadata.encoding": "gzip+base64",
              "userdata.encoding": "gzip+base64"
            },
            "guestos": "debian11-64",
            "host_ovf": null,
            "id": "1586",
            "ip_address": "10.10.10.70",
            "memsize": "1024",
            "network_interfaces": [
              {
                "mac_address": "",
                "nic_type": "e1000",
                "virtual_network": "VLAN FORMATION 1"
              }
            ],
            "notes": "",
            "numvcpus": "1",
            "ovf_properties": [],
            "ovf_properties_timer": 90,
            "ovf_source": null,
            "power": "on",
            "resource_pool_name": "/",
            "virthwver": "19",
            "virtual_disks": []
          },
          "sensitive_attributes": [],
          "private": "bnVsbA==",
          "dependencies": [
            "module.lab14.data.template_file.init"
          ]
        }
      ]
    },
    {
      "module": "module.lab14[\"vm2\"]",
      "mode": "data",
      "type": "template_file",
      "name": "init",
      "provider": "provider[\"registry.terraform.io/hashicorp/template\"]",
      "instances": [
        {
          "schema_version": 0,
          "attributes": {
            "filename": null,
            "id": "5acdb13b2e7056901213dfadef6e3e93697770bfb68754197afc51b03bd7c761",
            "rendered": "#cloud-config\n\ninstance-id: cytech-lab14\nlocal-hostname: cytech-lab14\nnetwork:\n  version: 1\n  config:\n    - type: physical\n      name: ens35\n      subnets:\n        - type: static\n          address: 10.10.10.141/24\n          gateway: 10.10.10.254\n    - type: nameserver\n      address:\n        - 10.10.10.254\n",
            "template": "#cloud-config\n\ninstance-id: ${name}\nlocal-hostname: ${name}\nnetwork:\n  version: 1\n  config:\n    - type: physical\n      name: ens35\n      subnets:\n        - type: static\n          address: ${ip_address}/24\n          gateway: 10.10.10.254\n    - type: nameserver\n      address:\n        - 10.10.10.254\n",
            "vars": {
              "ip_address": "10.10.10.141",
              "name": "cytech-lab14"
            }
          },
          "sensitive_attributes": []
        }
      ]
    },
    {
      "module": "module.lab14[\"vm2\"]",
      "mode": "managed",
      "type": "esxi_guest",
      "name": "lab14_m1",
      "provider": "provider[\"registry.terraform.io/josenk/esxi\"]",
      "instances": [
        {
          "status": "tainted",
          "schema_version": 0,
          "attributes": {
            "boot_disk_size": "25",
            "boot_disk_type": "thin",
            "boot_firmware": "bios",
            "clone_from_vm": "_template-debian",
            "disk_store": "datastore1",
            "guest_name": "cytech-lab14-bdd",
            "guest_shutdown_timeout": 20,
            "guest_startup_timeout": 120,
            "guestinfo": {
              "metadata": "H4sIAAAAAAAA/1yOwU4DMQxE7/kKS5wDpKSX/I3rmG5EcKrY7Sp/j5ZdwW4lX/w8M54Xqu2ePTX5LFfniqihEPuSE9AwpslXvIToaiOsfmpqgt/8dBS2ufWv5AAe3LU0SRAcwBq7YAAPNm6c4DYNLYT1FwKsaSz6cd6I3i/Cpmlb/51qaIX+MADm3Fk1QXh/3SaGt1PcSa5oPOPYSU7neOizFFDuD+7umLr7fzD/AAAA//8BAAD//1aa/6ozAQAA",
              "metadata.encoding": "gzip+base64",
              "userdata.encoding": "gzip+base64"
            },
            "guestos": "debian11-64",
            "host_ovf": null,
            "id": "1587",
            "ip_address": "10.10.10.71",
            "memsize": "1024",
            "network_interfaces": [
              {
                "mac_address": "",
                "nic_type": "e1000",
                "virtual_network": "VLAN FORMATION 1"
              }
            ],
            "notes": "",
            "numvcpus": "1",
            "ovf_properties": [],
            "ovf_properties_timer": 90,
            "ovf_source": null,
            "power": "on",
            "resource_pool_name": "/",
            "virthwver": "19",
            "virtual_disks": []
          },
          "sensitive_attributes": [],
          "private": "bnVsbA==",
          "dependencies": [
            "module.lab14.data.template_file.init"
          ]
        }
      ]
    }
  ],
  "check_results": null
}
